// !$*UTF8*$!
{
	archiveVersion = 1;
	classes = {
	};
	objectVersion = 48;
	objects = {

/* Begin PBXBuildFile section */
		15437FD31F7B97030087289F /* Main.storyboard in Resources */ = {isa = PBXBuildFile; fileRef = 15437FD11F7B96BC0087289F /* Main.storyboard */; };
		156E58F61F760A9B00C7F09F /* AppDelegate.m in Sources */ = {isa = PBXBuildFile; fileRef = 156E58F51F760A9B00C7F09F /* AppDelegate.m */; };
		156E58F91F760A9B00C7F09F /* ViewController.m in Sources */ = {isa = PBXBuildFile; fileRef = 156E58F81F760A9B00C7F09F /* ViewController.m */; };
		156E58FE1F760A9B00C7F09F /* Assets.xcassets in Resources */ = {isa = PBXBuildFile; fileRef = 156E58FD1F760A9B00C7F09F /* Assets.xcassets */; };
		156E59011F760A9B00C7F09F /* LaunchScreen.storyboard in Resources */ = {isa = PBXBuildFile; fileRef = 156E58FF1F760A9B00C7F09F /* LaunchScreen.storyboard */; };
		156E59041F760A9B00C7F09F /* main.m in Sources */ = {isa = PBXBuildFile; fileRef = 156E59031F760A9B00C7F09F /* main.m */; };
		156E590E1F760A9B00C7F09F /* picsTests.m in Sources */ = {isa = PBXBuildFile; fileRef = 156E590D1F760A9B00C7F09F /* picsTests.m */; };
		156E59191F760A9B00C7F09F /* picsUITests.m in Sources */ = {isa = PBXBuildFile; fileRef = 156E59181F760A9B00C7F09F /* picsUITests.m */; };
		156E59281F76D2CF00C7F09F /* ABPhoto.m in Sources */ = {isa = PBXBuildFile; fileRef = 156E59271F76D2CF00C7F09F /* ABPhoto.m */; };
		156E592B1F775D2A00C7F09F /* ABRecentsInteractor.m in Sources */ = {isa = PBXBuildFile; fileRef = 156E592A1F775D2A00C7F09F /* ABRecentsInteractor.m */; };
		156E592F1F77667D00C7F09F /* ABPicsDataStore.m in Sources */ = {isa = PBXBuildFile; fileRef = 156E592E1F77667D00C7F09F /* ABPicsDataStore.m */; };
		156E59321F77669000C7F09F /* ABPicsAPIClient.m in Sources */ = {isa = PBXBuildFile; fileRef = 156E59311F77669000C7F09F /* ABPicsAPIClient.m */; };
		156E59351F78AC1200C7F09F /* ABRecentsLastFetchInfo.m in Sources */ = {isa = PBXBuildFile; fileRef = 156E59341F78AC1200C7F09F /* ABRecentsLastFetchInfo.m */; };
		156E593B1F7B6BE000C7F09F /* ABRecentsPresenter.m in Sources */ = {isa = PBXBuildFile; fileRef = 156E593A1F7B6BE000C7F09F /* ABRecentsPresenter.m */; };
		156E593E1F7B80DD00C7F09F /* ABRootWireFrame.m in Sources */ = {isa = PBXBuildFile; fileRef = 156E593D1F7B80DD00C7F09F /* ABRootWireFrame.m */; };
		156E59411F7B84A200C7F09F /* ABRecentsWireframe.m in Sources */ = {isa = PBXBuildFile; fileRef = 156E59401F7B84A200C7F09F /* ABRecentsWireframe.m */; };
/* End PBXBuildFile section */

/* Begin PBXContainerItemProxy section */
		156E590A1F760A9B00C7F09F /* PBXContainerItemProxy */ = {
			isa = PBXContainerItemProxy;
			containerPortal = 156E58E91F760A9B00C7F09F /* Project object */;
			proxyType = 1;
			remoteGlobalIDString = 156E58F01F760A9B00C7F09F;
			remoteInfo = pics;
		};
		156E59151F760A9B00C7F09F /* PBXContainerItemProxy */ = {
			isa = PBXContainerItemProxy;
			containerPortal = 156E58E91F760A9B00C7F09F /* Project object */;
			proxyType = 1;
			remoteGlobalIDString = 156E58F01F760A9B00C7F09F;
			remoteInfo = pics;
		};
/* End PBXContainerItemProxy section */

/* Begin PBXFileReference section */
		15437FD21F7B96BC0087289F /* Base */ = {isa = PBXFileReference; lastKnownFileType = file.storyboard; name = Base; path = Base.lproj/Main.storyboard; sourceTree = "<group>"; };
		156E58F11F760A9B00C7F09F /* pics.app */ = {isa = PBXFileReference; explicitFileType = wrapper.application; includeInIndex = 0; path = pics.app; sourceTree = BUILT_PRODUCTS_DIR; };
		156E58F41F760A9B00C7F09F /* AppDelegate.h */ = {isa = PBXFileReference; lastKnownFileType = sourcecode.c.h; path = AppDelegate.h; sourceTree = "<group>"; };
		156E58F51F760A9B00C7F09F /* AppDelegate.m */ = {isa = PBXFileReference; lastKnownFileType = sourcecode.c.objc; path = AppDelegate.m; sourceTree = "<group>"; };
		156E58F71F760A9B00C7F09F /* ViewController.h */ = {isa = PBXFileReference; lastKnownFileType = sourcecode.c.h; path = ViewController.h; sourceTree = "<group>"; };
		156E58F81F760A9B00C7F09F /* ViewController.m */ = {isa = PBXFileReference; lastKnownFileType = sourcecode.c.objc; path = ViewController.m; sourceTree = "<group>"; };
		156E58FD1F760A9B00C7F09F /* Assets.xcassets */ = {isa = PBXFileReference; lastKnownFileType = folder.assetcatalog; path = Assets.xcassets; sourceTree = "<group>"; };
		156E59001F760A9B00C7F09F /* Base */ = {isa = PBXFileReference; lastKnownFileType = file.storyboard; name = Base; path = Base.lproj/LaunchScreen.storyboard; sourceTree = "<group>"; };
		156E59021F760A9B00C7F09F /* Info.plist */ = {isa = PBXFileReference; lastKnownFileType = text.plist.xml; path = Info.plist; sourceTree = "<group>"; };
		156E59031F760A9B00C7F09F /* main.m */ = {isa = PBXFileReference; lastKnownFileType = sourcecode.c.objc; path = main.m; sourceTree = "<group>"; };
		156E59091F760A9B00C7F09F /* picsTests.xctest */ = {isa = PBXFileReference; explicitFileType = wrapper.cfbundle; includeInIndex = 0; path = picsTests.xctest; sourceTree = BUILT_PRODUCTS_DIR; };
		156E590D1F760A9B00C7F09F /* picsTests.m */ = {isa = PBXFileReference; lastKnownFileType = sourcecode.c.objc; path = picsTests.m; sourceTree = "<group>"; };
		156E590F1F760A9B00C7F09F /* Info.plist */ = {isa = PBXFileReference; lastKnownFileType = text.plist.xml; path = Info.plist; sourceTree = "<group>"; };
		156E59141F760A9B00C7F09F /* picsUITests.xctest */ = {isa = PBXFileReference; explicitFileType = wrapper.cfbundle; includeInIndex = 0; path = picsUITests.xctest; sourceTree = BUILT_PRODUCTS_DIR; };
		156E59181F760A9B00C7F09F /* picsUITests.m */ = {isa = PBXFileReference; lastKnownFileType = sourcecode.c.objc; path = picsUITests.m; sourceTree = "<group>"; };
		156E591A1F760A9B00C7F09F /* Info.plist */ = {isa = PBXFileReference; lastKnownFileType = text.plist.xml; path = Info.plist; sourceTree = "<group>"; };
		156E59261F76D2CF00C7F09F /* ABPhoto.h */ = {isa = PBXFileReference; lastKnownFileType = sourcecode.c.h; path = ABPhoto.h; sourceTree = "<group>"; };
		156E59271F76D2CF00C7F09F /* ABPhoto.m */ = {isa = PBXFileReference; lastKnownFileType = sourcecode.c.objc; path = ABPhoto.m; sourceTree = "<group>"; };
		156E59291F775D2A00C7F09F /* ABRecentsInteractor.h */ = {isa = PBXFileReference; lastKnownFileType = sourcecode.c.h; path = ABRecentsInteractor.h; sourceTree = "<group>"; };
		156E592A1F775D2A00C7F09F /* ABRecentsInteractor.m */ = {isa = PBXFileReference; lastKnownFileType = sourcecode.c.objc; path = ABRecentsInteractor.m; sourceTree = "<group>"; };
		156E592C1F775E3800C7F09F /* ABRecentsInteractorIO.h */ = {isa = PBXFileReference; lastKnownFileType = sourcecode.c.h; path = ABRecentsInteractorIO.h; sourceTree = "<group>"; };
		156E592D1F77667D00C7F09F /* ABPicsDataStore.h */ = {isa = PBXFileReference; lastKnownFileType = sourcecode.c.h; path = ABPicsDataStore.h; sourceTree = "<group>"; };
		156E592E1F77667D00C7F09F /* ABPicsDataStore.m */ = {isa = PBXFileReference; lastKnownFileType = sourcecode.c.objc; path = ABPicsDataStore.m; sourceTree = "<group>"; };
		156E59301F77669000C7F09F /* ABPicsAPIClient.h */ = {isa = PBXFileReference; lastKnownFileType = sourcecode.c.h; path = ABPicsAPIClient.h; sourceTree = "<group>"; };
		156E59311F77669000C7F09F /* ABPicsAPIClient.m */ = {isa = PBXFileReference; lastKnownFileType = sourcecode.c.objc; path = ABPicsAPIClient.m; sourceTree = "<group>"; };
		156E59331F78AC1200C7F09F /* ABRecentsLastFetchInfo.h */ = {isa = PBXFileReference; lastKnownFileType = sourcecode.c.h; path = ABRecentsLastFetchInfo.h; sourceTree = "<group>"; };
		156E59341F78AC1200C7F09F /* ABRecentsLastFetchInfo.m */ = {isa = PBXFileReference; lastKnownFileType = sourcecode.c.objc; path = ABRecentsLastFetchInfo.m; sourceTree = "<group>"; };
		156E59361F7B078200C7F09F /* ABRecentsViewInterface.h */ = {isa = PBXFileReference; lastKnownFileType = sourcecode.c.h; path = ABRecentsViewInterface.h; sourceTree = "<group>"; };
		156E59381F7B6AE900C7F09F /* ABRecentsModuleInterface.h */ = {isa = PBXFileReference; lastKnownFileType = sourcecode.c.h; path = ABRecentsModuleInterface.h; sourceTree = "<group>"; };
		156E59391F7B6BE000C7F09F /* ABRecentsPresenter.h */ = {isa = PBXFileReference; lastKnownFileType = sourcecode.c.h; path = ABRecentsPresenter.h; sourceTree = "<group>"; };
		156E593A1F7B6BE000C7F09F /* ABRecentsPresenter.m */ = {isa = PBXFileReference; lastKnownFileType = sourcecode.c.objc; path = ABRecentsPresenter.m; sourceTree = "<group>"; };
		156E593C1F7B80DD00C7F09F /* ABRootWireFrame.h */ = {isa = PBXFileReference; lastKnownFileType = sourcecode.c.h; path = ABRootWireFrame.h; sourceTree = "<group>"; };
		156E593D1F7B80DD00C7F09F /* ABRootWireFrame.m */ = {isa = PBXFileReference; lastKnownFileType = sourcecode.c.objc; path = ABRootWireFrame.m; sourceTree = "<group>"; };
		156E593F1F7B84A200C7F09F /* ABRecentsWireframe.h */ = {isa = PBXFileReference; lastKnownFileType = sourcecode.c.h; path = ABRecentsWireframe.h; sourceTree = "<group>"; };
		156E59401F7B84A200C7F09F /* ABRecentsWireframe.m */ = {isa = PBXFileReference; lastKnownFileType = sourcecode.c.objc; path = ABRecentsWireframe.m; sourceTree = "<group>"; };
/* End PBXFileReference section */

/* Begin PBXFrameworksBuildPhase section */
		156E58EE1F760A9B00C7F09F /* Frameworks */ = {
			isa = PBXFrameworksBuildPhase;
			buildActionMask = 2147483647;
			files = (
			);
			runOnlyForDeploymentPostprocessing = 0;
		};
		156E59061F760A9B00C7F09F /* Frameworks */ = {
			isa = PBXFrameworksBuildPhase;
			buildActionMask = 2147483647;
			files = (
			);
			runOnlyForDeploymentPostprocessing = 0;
		};
		156E59111F760A9B00C7F09F /* Frameworks */ = {
			isa = PBXFrameworksBuildPhase;
			buildActionMask = 2147483647;
			files = (
			);
			runOnlyForDeploymentPostprocessing = 0;
		};
/* End PBXFrameworksBuildPhase section */

/* Begin PBXGroup section */
		156E58E81F760A9B00C7F09F = {
			isa = PBXGroup;
			children = (
				156E58F31F760A9B00C7F09F /* pics */,
				156E590C1F760A9B00C7F09F /* picsTests */,
				156E59171F760A9B00C7F09F /* picsUITests */,
				156E58F21F760A9B00C7F09F /* Products */,
			);
			sourceTree = "<group>";
		};
		156E58F21F760A9B00C7F09F /* Products */ = {
			isa = PBXGroup;
			children = (
				156E58F11F760A9B00C7F09F /* pics.app */,
				156E59091F760A9B00C7F09F /* picsTests.xctest */,
				156E59141F760A9B00C7F09F /* picsUITests.xctest */,
			);
			name = Products;
			sourceTree = "<group>";
		};
		156E58F31F760A9B00C7F09F /* pics */ = {
			isa = PBXGroup;
			children = (
				156E58F41F760A9B00C7F09F /* AppDelegate.h */,
				156E58F51F760A9B00C7F09F /* AppDelegate.m */,
				156E59261F76D2CF00C7F09F /* ABPhoto.h */,
				156E59271F76D2CF00C7F09F /* ABPhoto.m */,
				156E59301F77669000C7F09F /* ABPicsAPIClient.h */,
				156E59311F77669000C7F09F /* ABPicsAPIClient.m */,
				156E592D1F77667D00C7F09F /* ABPicsDataStore.h */,
				156E592E1F77667D00C7F09F /* ABPicsDataStore.m */,
				156E593C1F7B80DD00C7F09F /* ABRootWireFrame.h */,
				156E593D1F7B80DD00C7F09F /* ABRootWireFrame.m */,
				156E59371F7B653000C7F09F /* Recents */,
				156E58FD1F760A9B00C7F09F /* Assets.xcassets */,
				156E58FF1F760A9B00C7F09F /* LaunchScreen.storyboard */,
				15437FD11F7B96BC0087289F /* Main.storyboard */,
				156E59021F760A9B00C7F09F /* Info.plist */,
				156E59031F760A9B00C7F09F /* main.m */,
			);
			path = pics;
			sourceTree = "<group>";
		};
		156E590C1F760A9B00C7F09F /* picsTests */ = {
			isa = PBXGroup;
			children = (
				156E590D1F760A9B00C7F09F /* picsTests.m */,
				156E590F1F760A9B00C7F09F /* Info.plist */,
			);
			path = picsTests;
			sourceTree = "<group>";
		};
		156E59171F760A9B00C7F09F /* picsUITests */ = {
			isa = PBXGroup;
			children = (
				156E59181F760A9B00C7F09F /* picsUITests.m */,
				156E591A1F760A9B00C7F09F /* Info.plist */,
			);
			path = picsUITests;
			sourceTree = "<group>";
		};
		156E59371F7B653000C7F09F /* Recents */ = {
			isa = PBXGroup;
			children = (
				156E58F71F760A9B00C7F09F /* ViewController.h */,
				156E58F81F760A9B00C7F09F /* ViewController.m */,
				156E59291F775D2A00C7F09F /* ABRecentsInteractor.h */,
				156E592A1F775D2A00C7F09F /* ABRecentsInteractor.m */,
				156E592C1F775E3800C7F09F /* ABRecentsInteractorIO.h */,
				156E59361F7B078200C7F09F /* ABRecentsViewInterface.h */,
				156E59331F78AC1200C7F09F /* ABRecentsLastFetchInfo.h */,
				156E59341F78AC1200C7F09F /* ABRecentsLastFetchInfo.m */,
				156E59381F7B6AE900C7F09F /* ABRecentsModuleInterface.h */,
				156E59391F7B6BE000C7F09F /* ABRecentsPresenter.h */,
				156E593A1F7B6BE000C7F09F /* ABRecentsPresenter.m */,
				156E593F1F7B84A200C7F09F /* ABRecentsWireframe.h */,
				156E59401F7B84A200C7F09F /* ABRecentsWireframe.m */,
			);
			path = Recents;
			sourceTree = "<group>";
		};
/* End PBXGroup section */

/* Begin PBXNativeTarget section */
		156E58F01F760A9B00C7F09F /* pics */ = {
			isa = PBXNativeTarget;
			buildConfigurationList = 156E591D1F760A9B00C7F09F /* Build configuration list for PBXNativeTarget "pics" */;
			buildPhases = (
				156E58ED1F760A9B00C7F09F /* Sources */,
				156E58EE1F760A9B00C7F09F /* Frameworks */,
				156E58EF1F760A9B00C7F09F /* Resources */,
			);
			buildRules = (
			);
			dependencies = (
			);
			name = pics;
			productName = pics;
			productReference = 156E58F11F760A9B00C7F09F /* pics.app */;
			productType = "com.apple.product-type.application";
		};
		156E59081F760A9B00C7F09F /* picsTests */ = {
			isa = PBXNativeTarget;
			buildConfigurationList = 156E59201F760A9B00C7F09F /* Build configuration list for PBXNativeTarget "picsTests" */;
			buildPhases = (
				156E59051F760A9B00C7F09F /* Sources */,
				156E59061F760A9B00C7F09F /* Frameworks */,
				156E59071F760A9B00C7F09F /* Resources */,
			);
			buildRules = (
			);
			dependencies = (
				156E590B1F760A9B00C7F09F /* PBXTargetDependency */,
			);
			name = picsTests;
			productName = picsTests;
			productReference = 156E59091F760A9B00C7F09F /* picsTests.xctest */;
			productType = "com.apple.product-type.bundle.unit-test";
		};
		156E59131F760A9B00C7F09F /* picsUITests */ = {
			isa = PBXNativeTarget;
			buildConfigurationList = 156E59231F760A9B00C7F09F /* Build configuration list for PBXNativeTarget "picsUITests" */;
			buildPhases = (
				156E59101F760A9B00C7F09F /* Sources */,
				156E59111F760A9B00C7F09F /* Frameworks */,
				156E59121F760A9B00C7F09F /* Resources */,
			);
			buildRules = (
			);
			dependencies = (
				156E59161F760A9B00C7F09F /* PBXTargetDependency */,
			);
			name = picsUITests;
			productName = picsUITests;
			productReference = 156E59141F760A9B00C7F09F /* picsUITests.xctest */;
			productType = "com.apple.product-type.bundle.ui-testing";
		};
/* End PBXNativeTarget section */

/* Begin PBXProject section */
		156E58E91F760A9B00C7F09F /* Project object */ = {
			isa = PBXProject;
			attributes = {
				LastUpgradeCheck = 0900;
				ORGANIZATIONNAME = " Anand Biligiri";
				TargetAttributes = {
					156E58F01F760A9B00C7F09F = {
						CreatedOnToolsVersion = 9.0;
						ProvisioningStyle = Automatic;
					};
					156E59081F760A9B00C7F09F = {
						CreatedOnToolsVersion = 9.0;
						ProvisioningStyle = Automatic;
						TestTargetID = 156E58F01F760A9B00C7F09F;
					};
					156E59131F760A9B00C7F09F = {
						CreatedOnToolsVersion = 9.0;
						ProvisioningStyle = Automatic;
						TestTargetID = 156E58F01F760A9B00C7F09F;
					};
				};
			};
			buildConfigurationList = 156E58EC1F760A9B00C7F09F /* Build configuration list for PBXProject "pics" */;
			compatibilityVersion = "Xcode 8.0";
			developmentRegion = en;
			hasScannedForEncodings = 0;
			knownRegions = (
				en,
				Base,
			);
			mainGroup = 156E58E81F760A9B00C7F09F;
			productRefGroup = 156E58F21F760A9B00C7F09F /* Products */;
			projectDirPath = "";
			projectRoot = "";
			targets = (
				156E58F01F760A9B00C7F09F /* pics */,
				156E59081F760A9B00C7F09F /* picsTests */,
				156E59131F760A9B00C7F09F /* picsUITests */,
			);
		};
/* End PBXProject section */

/* Begin PBXResourcesBuildPhase section */
		156E58EF1F760A9B00C7F09F /* Resources */ = {
			isa = PBXResourcesBuildPhase;
			buildActionMask = 2147483647;
			files = (
				15437FD31F7B97030087289F /* Main.storyboard in Resources */,
				156E59011F760A9B00C7F09F /* LaunchScreen.storyboard in Resources */,
				156E58FE1F760A9B00C7F09F /* Assets.xcassets in Resources */,
			);
			runOnlyForDeploymentPostprocessing = 0;
		};
		156E59071F760A9B00C7F09F /* Resources */ = {
			isa = PBXResourcesBuildPhase;
			buildActionMask = 2147483647;
			files = (
			);
			runOnlyForDeploymentPostprocessing = 0;
		};
		156E59121F760A9B00C7F09F /* Resources */ = {
			isa = PBXResourcesBuildPhase;
			buildActionMask = 2147483647;
			files = (
			);
			runOnlyForDeploymentPostprocessing = 0;
		};
/* End PBXResourcesBuildPhase section */

/* Begin PBXSourcesBuildPhase section */
		156E58ED1F760A9B00C7F09F /* Sources */ = {
			isa = PBXSourcesBuildPhase;
			buildActionMask = 2147483647;
			files = (
				156E59321F77669000C7F09F /* ABPicsAPIClient.m in Sources */,
				156E58F91F760A9B00C7F09F /* ViewController.m in Sources */,
				156E592F1F77667D00C7F09F /* ABPicsDataStore.m in Sources */,
				156E593B1F7B6BE000C7F09F /* ABRecentsPresenter.m in Sources */,
				156E592B1F775D2A00C7F09F /* ABRecentsInteractor.m in Sources */,
				156E593E1F7B80DD00C7F09F /* ABRootWireFrame.m in Sources */,
				156E59411F7B84A200C7F09F /* ABRecentsWireframe.m in Sources */,
				156E59351F78AC1200C7F09F /* ABRecentsLastFetchInfo.m in Sources */,
				156E59281F76D2CF00C7F09F /* ABPhoto.m in Sources */,
				156E59041F760A9B00C7F09F /* main.m in Sources */,
				156E58F61F760A9B00C7F09F /* AppDelegate.m in Sources */,
			);
			runOnlyForDeploymentPostprocessing = 0;
		};
		156E59051F760A9B00C7F09F /* Sources */ = {
			isa = PBXSourcesBuildPhase;
			buildActionMask = 2147483647;
			files = (
				156E590E1F760A9B00C7F09F /* picsTests.m in Sources */,
			);
			runOnlyForDeploymentPostprocessing = 0;
		};
		156E59101F760A9B00C7F09F /* Sources */ = {
			isa = PBXSourcesBuildPhase;
			buildActionMask = 2147483647;
			files = (
				156E59191F760A9B00C7F09F /* picsUITests.m in Sources */,
			);
			runOnlyForDeploymentPostprocessing = 0;
		};
/* End PBXSourcesBuildPhase section */

/* Begin PBXTargetDependency section */
		156E590B1F760A9B00C7F09F /* PBXTargetDependency */ = {
			isa = PBXTargetDependency;
			target = 156E58F01F760A9B00C7F09F /* pics */;
			targetProxy = 156E590A1F760A9B00C7F09F /* PBXContainerItemProxy */;
		};
		156E59161F760A9B00C7F09F /* PBXTargetDependency */ = {
			isa = PBXTargetDependency;
			target = 156E58F01F760A9B00C7F09F /* pics */;
			targetProxy = 156E59151F760A9B00C7F09F /* PBXContainerItemProxy */;
		};
/* End PBXTargetDependency section */

/* Begin PBXVariantGroup section */
		15437FD11F7B96BC0087289F /* Main.storyboard */ = {
			isa = PBXVariantGroup;
			children = (
				15437FD21F7B96BC0087289F /* Base */,
			);
			name = Main.storyboard;
			sourceTree = "<group>";
		};
		156E58FF1F760A9B00C7F09F /* LaunchScreen.storyboard */ = {
			isa = PBXVariantGroup;
			children = (
				156E59001F760A9B00C7F09F /* Base */,
			);
			name = LaunchScreen.storyboard;
			sourceTree = "<group>";
		};
/* End PBXVariantGroup section */

/* Begin XCBuildConfiguration section */
		156E591B1F760A9B00C7F09F /* Debug */ = {
			isa = XCBuildConfiguration;
			buildSettings = {
				ALWAYS_SEARCH_USER_PATHS = NO;
				CLANG_ANALYZER_NONNULL = YES;
				CLANG_ANALYZER_NUMBER_OBJECT_CONVERSION = YES_AGGRESSIVE;
				CLANG_CXX_LANGUAGE_STANDARD = "gnu++14";
				CLANG_CXX_LIBRARY = "libc++";
				CLANG_ENABLE_MODULES = YES;
				CLANG_ENABLE_OBJC_ARC = YES;
				CLANG_WARN_BLOCK_CAPTURE_AUTORELEASING = YES;
				CLANG_WARN_BOOL_CONVERSION = YES;
				CLANG_WARN_COMMA = YES;
				CLANG_WARN_CONSTANT_CONVERSION = YES;
				CLANG_WARN_DIRECT_OBJC_ISA_USAGE = YES_ERROR;
				CLANG_WARN_DOCUMENTATION_COMMENTS = YES;
				CLANG_WARN_EMPTY_BODY = YES;
				CLANG_WARN_ENUM_CONVERSION = YES;
				CLANG_WARN_INFINITE_RECURSION = YES;
				CLANG_WARN_INT_CONVERSION = YES;
				CLANG_WARN_NON_LITERAL_NULL_CONVERSION = YES;
				CLANG_WARN_OBJC_LITERAL_CONVERSION = YES;
				CLANG_WARN_OBJC_ROOT_CLASS = YES_ERROR;
				CLANG_WARN_RANGE_LOOP_ANALYSIS = YES;
				CLANG_WARN_STRICT_PROTOTYPES = YES;
				CLANG_WARN_SUSPICIOUS_MOVE = YES;
				CLANG_WARN_UNGUARDED_AVAILABILITY = YES_AGGRESSIVE;
				CLANG_WARN_UNREACHABLE_CODE = YES;
				CLANG_WARN__DUPLICATE_METHOD_MATCH = YES;
				CODE_SIGN_IDENTITY = "iPhone Developer";
				COPY_PHASE_STRIP = NO;
				DEBUG_INFORMATION_FORMAT = dwarf;
				ENABLE_STRICT_OBJC_MSGSEND = YES;
				ENABLE_TESTABILITY = YES;
				GCC_C_LANGUAGE_STANDARD = gnu11;
				GCC_DYNAMIC_NO_PIC = NO;
				GCC_NO_COMMON_BLOCKS = YES;
				GCC_OPTIMIZATION_LEVEL = 0;
				GCC_PREPROCESSOR_DEFINITIONS = (
					"DEBUG=1",
					"$(inherited)",
				);
				GCC_WARN_64_TO_32_BIT_CONVERSION = YES;
				GCC_WARN_ABOUT_RETURN_TYPE = YES_ERROR;
				GCC_WARN_UNDECLARED_SELECTOR = YES;
				GCC_WARN_UNINITIALIZED_AUTOS = YES_AGGRESSIVE;
				GCC_WARN_UNUSED_FUNCTION = YES;
				GCC_WARN_UNUSED_VARIABLE = YES;
				IPHONEOS_DEPLOYMENT_TARGET = 10.0;
				MTL_ENABLE_DEBUG_INFO = YES;
				ONLY_ACTIVE_ARCH = YES;
				SDKROOT = iphoneos;
			};
			name = Debug;
		};
		156E591C1F760A9B00C7F09F /* Release */ = {
			isa = XCBuildConfiguration;
			buildSettings = {
				ALWAYS_SEARCH_USER_PATHS = NO;
				CLANG_ANALYZER_NONNULL = YES;
				CLANG_ANALYZER_NUMBER_OBJECT_CONVERSION = YES_AGGRESSIVE;
				CLANG_CXX_LANGUAGE_STANDARD = "gnu++14";
				CLANG_CXX_LIBRARY = "libc++";
				CLANG_ENABLE_MODULES = YES;
				CLANG_ENABLE_OBJC_ARC = YES;
				CLANG_WARN_BLOCK_CAPTURE_AUTORELEASING = YES;
				CLANG_WARN_BOOL_CONVERSION = YES;
				CLANG_WARN_COMMA = YES;
				CLANG_WARN_CONSTANT_CONVERSION = YES;
				CLANG_WARN_DIRECT_OBJC_ISA_USAGE = YES_ERROR;
				CLANG_WARN_DOCUMENTATION_COMMENTS = YES;
				CLANG_WARN_EMPTY_BODY = YES;
				CLANG_WARN_ENUM_CONVERSION = YES;
				CLANG_WARN_INFINITE_RECURSION = YES;
				CLANG_WARN_INT_CONVERSION = YES;
				CLANG_WARN_NON_LITERAL_NULL_CONVERSION = YES;
				CLANG_WARN_OBJC_LITERAL_CONVERSION = YES;
				CLANG_WARN_OBJC_ROOT_CLASS = YES_ERROR;
				CLANG_WARN_RANGE_LOOP_ANALYSIS = YES;
				CLANG_WARN_STRICT_PROTOTYPES = YES;
				CLANG_WARN_SUSPICIOUS_MOVE = YES;
				CLANG_WARN_UNGUARDED_AVAILABILITY = YES_AGGRESSIVE;
				CLANG_WARN_UNREACHABLE_CODE = YES;
				CLANG_WARN__DUPLICATE_METHOD_MATCH = YES;
				CODE_SIGN_IDENTITY = "iPhone Developer";
				COPY_PHASE_STRIP = NO;
				DEBUG_INFORMATION_FORMAT = "dwarf-with-dsym";
				ENABLE_NS_ASSERTIONS = NO;
				ENABLE_STRICT_OBJC_MSGSEND = YES;
				GCC_C_LANGUAGE_STANDARD = gnu11;
				GCC_NO_COMMON_BLOCKS = YES;
				GCC_WARN_64_TO_32_BIT_CONVERSION = YES;
				GCC_WARN_ABOUT_RETURN_TYPE = YES_ERROR;
				GCC_WARN_UNDECLARED_SELECTOR = YES;
				GCC_WARN_UNINITIALIZED_AUTOS = YES_AGGRESSIVE;
				GCC_WARN_UNUSED_FUNCTION = YES;
				GCC_WARN_UNUSED_VARIABLE = YES;
				IPHONEOS_DEPLOYMENT_TARGET = 10.0;
				MTL_ENABLE_DEBUG_INFO = NO;
				SDKROOT = iphoneos;
				VALIDATE_PRODUCT = YES;
			};
			name = Release;
		};
		156E591E1F760A9B00C7F09F /* Debug */ = {
			isa = XCBuildConfiguration;
			buildSettings = {
				ASSETCATALOG_COMPILER_APPICON_NAME = AppIcon;
				CODE_SIGN_STYLE = Automatic;
				DEVELOPMENT_TEAM = GNNPCAAT48;
				INFOPLIST_FILE = pics/Info.plist;
				LD_RUNPATH_SEARCH_PATHS = "$(inherited) @executable_path/Frameworks";
				PRODUCT_BUNDLE_IDENTIFIER = com.anandb.pics;
				PRODUCT_NAME = "$(TARGET_NAME)";
				TARGETED_DEVICE_FAMILY = "1,2";
			};
			name = Debug;
		};
		156E591F1F760A9B00C7F09F /* Release */ = {
			isa = XCBuildConfiguration;
			buildSettings = {
				ASSETCATALOG_COMPILER_APPICON_NAME = AppIcon;
				CODE_SIGN_STYLE = Automatic;
				DEVELOPMENT_TEAM = GNNPCAAT48;
				INFOPLIST_FILE = pics/Info.plist;
				LD_RUNPATH_SEARCH_PATHS = "$(inherited) @executable_path/Frameworks";
				PRODUCT_BUNDLE_IDENTIFIER = com.anandb.pics;
				PRODUCT_NAME = "$(TARGET_NAME)";
				TARGETED_DEVICE_FAMILY = "1,2";
			};
			name = Release;
		};
		156E59211F760A9B00C7F09F /* Debug */ = {
			isa = XCBuildConfiguration;
			buildSettings = {
				BUNDLE_LOADER = "$(TEST_HOST)";
				CODE_SIGN_STYLE = Automatic;
				DEVELOPMENT_TEAM = GNNPCAAT48;
				INFOPLIST_FILE = picsTests/Info.plist;
				LD_RUNPATH_SEARCH_PATHS = "$(inherited) @executable_path/Frameworks @loader_path/Frameworks";
				PRODUCT_BUNDLE_IDENTIFIER = com.anandb.picsTests;
				PRODUCT_NAME = "$(TARGET_NAME)";
				TARGETED_DEVICE_FAMILY = "1,2";
				TEST_HOST = "$(BUILT_PRODUCTS_DIR)/pics.app/pics";
			};
			name = Debug;
		};
		156E59221F760A9B00C7F09F /* Release */ = {
			isa = XCBuildConfiguration;
			buildSettings = {
				BUNDLE_LOADER = "$(TEST_HOST)";
				CODE_SIGN_STYLE = Automatic;
				DEVELOPMENT_TEAM = GNNPCAAT48;
				INFOPLIST_FILE = picsTests/Info.plist;
				LD_RUNPATH_SEARCH_PATHS = "$(inherited) @executable_path/Frameworks @loader_path/Frameworks";
				PRODUCT_BUNDLE_IDENTIFIER = com.anandb.picsTests;
				PRODUCT_NAME = "$(TARGET_NAME)";
				TARGETED_DEVICE_FAMILY = "1,2";
				TEST_HOST = "$(BUILT_PRODUCTS_DIR)/pics.app/pics";
			};
			name = Release;
		};
		156E59241F760A9B00C7F09F /* Debug */ = {
			isa = XCBuildConfiguration;
			buildSettings = {
				CODE_SIGN_STYLE = Automatic;
				DEVELOPMENT_TEAM = GNNPCAAT48;
				INFOPLIST_FILE = picsUITests/Info.plist;
				LD_RUNPATH_SEARCH_PATHS = "$(inherited) @executable_path/Frameworks @loader_path/Frameworks";
				PRODUCT_BUNDLE_IDENTIFIER = com.anandb.picsUITests;
				PRODUCT_NAME = "$(TARGET_NAME)";
				TARGETED_DEVICE_FAMILY = "1,2";
				TEST_TARGET_NAME = pics;
			};
			name = Debug;
		};
		156E59251F760A9B00C7F09F /* Release */ = {
			isa = XCBuildConfiguration;
			buildSettings = {
				CODE_SIGN_STYLE = Automatic;
				DEVELOPMENT_TEAM = GNNPCAAT48;
				INFOPLIST_FILE = picsUITests/Info.plist;
				LD_RUNPATH_SEARCH_PATHS = "$(inherited) @executable_path/Frameworks @loader_path/Frameworks";
				PRODUCT_BUNDLE_IDENTIFIER = com.anandb.picsUITests;
				PRODUCT_NAME = "$(TARGET_NAME)";
				TARGETED_DEVICE_FAMILY = "1,2";
				TEST_TARGET_NAME = pics;
			};
			name = Release;
		};
/* End XCBuildConfiguration section */

/* Begin XCConfigurationList section */
		156E58EC1F760A9B00C7F09F /* Build configuration list for PBXProject "pics" */ = {
			isa = XCConfigurationList;
			buildConfigurations = (
				156E591B1F760A9B00C7F09F /* Debug */,
				156E591C1F760A9B00C7F09F /* Release */,
			);
			defaultConfigurationIsVisible = 0;
			defaultConfigurationName = Release;
		};
		156E591D1F760A9B00C7F09F /* Build configuration list for PBXNativeTarget "pics" */ = {
			isa = XCConfigurationList;
			buildConfigurations = (
				156E591E1F760A9B00C7F09F /* Debug */,
				156E591F1F760A9B00C7F09F /* Release */,
			);
			defaultConfigurationIsVisible = 0;
			defaultConfigurationName = Release;
		};
		156E59201F760A9B00C7F09F /* Build configuration list for PBXNativeTarget "picsTests" */ = {
			isa = XCConfigurationList;
			buildConfigurations = (
				156E59211F760A9B00C7F09F /* Debug */,
				156E59221F760A9B00C7F09F /* Release */,
			);
			defaultConfigurationIsVisible = 0;
			defaultConfigurationName = Release;
		};
		156E59231F760A9B00C7F09F /* Build configuration list for PBXNativeTarget "picsUITests" */ = {
			isa = XCConfigurationList;
			buildConfigurations = (
				156E59241F760A9B00C7F09F /* Debug */,
				156E59251F760A9B00C7F09F /* Release */,
			);
			defaultConfigurationIsVisible = 0;
			defaultConfigurationName = Release;
		};
/* End XCConfigurationList section */
	};
	rootObject = 156E58E91F760A9B00C7F09F /* Project object */;
}
